
Microsoft Visual Studio Solution File, Format Version 12.00
# Visual Studio Version 17
VisualStudioVersion = 17.13.35806.99 d17.13
MinimumVisualStudioVersion = 10.0.40219.1
Project("{F184B08F-C81C-45F6-A57F-5ABD9991F28F}") = "WinFormsApp1", "WinFormsApp1\WinFormsApp1.vbproj", "{0BB9FB5F-CDE5-4E2C-8CC5-4BFDA4A5CD67}"
EndProject
Global
	GlobalSection(SolutionConfigurationPlatforms) = preSolution
		Debug|Any CPU = Debug|Any CPU
		Release|Any CPU = Release|Any CPU
	EndGlobalSection
	GlobalSection(ProjectConfigurationPlatforms) = postSolution
		{0BB9FB5F-CDE5-4E2C-8CC5-4BFDA4A5CD67}.Debug|Any CPU.ActiveCfg = Debug|Any CPU
		{0BB9FB5F-CDE5-4E2C-8CC5-4BFDA4A5CD67}.Debug|Any CPU.Build.0 = Debug|Any CPU
		{0BB9FB5F-CDE5-4E2C-8CC5-4BFDA4A5CD67}.Release|Any CPU.ActiveCfg = Release|Any CPU
		{0BB9FB5F-CDE5-4E2C-8CC5-4BFDA4A5CD67}.Release|Any CPU.Build.0 = Release|Any CPU
	EndGlobalSection
	GlobalSection(SolutionProperties) = preSolution
		HideSolutionNode = FALSE
	EndGlobalSection
	GlobalSection(ExtensibilityGlobals) = postSolution
		SolutionGuid = {40EA5B04-66B4-44CB-BEB3-E9F0098C47B4}
	EndGlobalSection
EndGlobal
